
Microsoft Visual Studio Solution File, Format Version 12.00
# Visual Studio 15
VisualStudioVersion = 15.0.28307.102
MinimumVisualStudioVersion = 10.0.40219.1
Project("{FAE04EC0-301F-11D3-BF4B-00C04F79EFBC}") = "Demo.WebService", "Demo.WebService\Demo.WebService.csproj", "{C0D4D5C2-F525-44B2-B61D-67FED76184CF}"
EndProject
Project("{FAE04EC0-301F-11D3-BF4B-00C04F79EFBC}") = "Demo.Data", "Demo.Data\Demo.Data.csproj", "{845D560B-5565-4AAB-9526-631CF6674B3B}"
EndProject
Global
	GlobalSection(SolutionConfigurationPlatforms) = preSolution
		Debug|Any CPU = Debug|Any CPU
		Release|Any CPU = Release|Any CPU
	EndGlobalSection
	GlobalSection(ProjectConfigurationPlatforms) = postSolution
		{C0D4D5C2-F525-44B2-B61D-67FED76184CF}.Debug|Any CPU.ActiveCfg = Debug|Any CPU
		{C0D4D5C2-F525-44B2-B61D-67FED76184CF}.Debug|Any CPU.Build.0 = Debug|Any CPU
		{C0D4D5C2-F525-44B2-B61D-67FED76184CF}.Release|Any CPU.ActiveCfg = Release|Any CPU
		{C0D4D5C2-F525-44B2-B61D-67FED76184CF}.Release|Any CPU.Build.0 = Release|Any CPU
		{845D560B-5565-4AAB-9526-631CF6674B3B}.Debug|Any CPU.ActiveCfg = Debug|Any CPU
		{845D560B-5565-4AAB-9526-631CF6674B3B}.Debug|Any CPU.Build.0 = Debug|Any CPU
		{845D560B-5565-4AAB-9526-631CF6674B3B}.Release|Any CPU.ActiveCfg = Release|Any CPU
		{845D560B-5565-4AAB-9526-631CF6674B3B}.Release|Any CPU.Build.0 = Release|Any CPU
	EndGlobalSection
	GlobalSection(SolutionProperties) = preSolution
		HideSolutionNode = FALSE
	EndGlobalSection
	GlobalSection(ExtensibilityGlobals) = postSolution
		SolutionGuid = {0F5CE72B-EC31-416F-8A98-ED98C7F23057}
	EndGlobalSection
EndGlobal
